
Microsoft Visual Studio Solution File, Format Version 12.00
# Visual Studio Version 17
VisualStudioVersion = 17.7.34009.444
MinimumVisualStudioVersion = 10.0.40219.1
Project("{9A19103F-16F7-4668-BE54-9A1E7A4F7556}") = "DapperWithDependencyInjection", "DapperWithDependencyInjection.csproj", "{9219C27E-E3C4-41D6-B4C0-D5E207576070}"
EndProject
Project("{9A19103F-16F7-4668-BE54-9A1E7A4F7556}") = "DataAccess", "..\DataAccess\DataAccess.csproj", "{4200E536-3773-4D25-9E4E-9E5C63420AF9}"
EndProject
Project("{9A19103F-16F7-4668-BE54-9A1E7A4F7556}") = "Models", "..\Models\Models.csproj", "{1941F853-3F53-4B23-9880-B988EBAD1B24}"
EndProject
Project("{9A19103F-16F7-4668-BE54-9A1E7A4F7556}") = "Utilities", "..\Utilities\Utilities.csproj", "{DD7C5C81-9B79-43A4-8364-DC003AA18917}"
EndProject
Project("{FAE04EC0-301F-11D3-BF4B-00C04F79EFBC}") = "Services", "..\Services\Services.csproj", "{90953A11-0D5E-4D6D-B2F7-A88A2F845ECF}"
EndProject
Global
	GlobalSection(SolutionConfigurationPlatforms) = preSolution
		Debug|Any CPU = Debug|Any CPU
		Release|Any CPU = Release|Any CPU
	EndGlobalSection
	GlobalSection(ProjectConfigurationPlatforms) = postSolution
		{9219C27E-E3C4-41D6-B4C0-D5E207576070}.Debug|Any CPU.ActiveCfg = Debug|Any CPU
		{9219C27E-E3C4-41D6-B4C0-D5E207576070}.Debug|Any CPU.Build.0 = Debug|Any CPU
		{9219C27E-E3C4-41D6-B4C0-D5E207576070}.Release|Any CPU.ActiveCfg = Release|Any CPU
		{9219C27E-E3C4-41D6-B4C0-D5E207576070}.Release|Any CPU.Build.0 = Release|Any CPU
		{4200E536-3773-4D25-9E4E-9E5C63420AF9}.Debug|Any CPU.ActiveCfg = Debug|Any CPU
		{4200E536-3773-4D25-9E4E-9E5C63420AF9}.Debug|Any CPU.Build.0 = Debug|Any CPU
		{4200E536-3773-4D25-9E4E-9E5C63420AF9}.Release|Any CPU.ActiveCfg = Release|Any CPU
		{4200E536-3773-4D25-9E4E-9E5C63420AF9}.Release|Any CPU.Build.0 = Release|Any CPU
		{1941F853-3F53-4B23-9880-B988EBAD1B24}.Debug|Any CPU.ActiveCfg = Debug|Any CPU
		{1941F853-3F53-4B23-9880-B988EBAD1B24}.Debug|Any CPU.Build.0 = Debug|Any CPU
		{1941F853-3F53-4B23-9880-B988EBAD1B24}.Release|Any CPU.ActiveCfg = Release|Any CPU
		{1941F853-3F53-4B23-9880-B988EBAD1B24}.Release|Any CPU.Build.0 = Release|Any CPU
		{DD7C5C81-9B79-43A4-8364-DC003AA18917}.Debug|Any CPU.ActiveCfg = Debug|Any CPU
		{DD7C5C81-9B79-43A4-8364-DC003AA18917}.Debug|Any CPU.Build.0 = Debug|Any CPU
		{DD7C5C81-9B79-43A4-8364-DC003AA18917}.Release|Any CPU.ActiveCfg = Release|Any CPU
		{DD7C5C81-9B79-43A4-8364-DC003AA18917}.Release|Any CPU.Build.0 = Release|Any CPU
		{90953A11-0D5E-4D6D-B2F7-A88A2F845ECF}.Debug|Any CPU.ActiveCfg = Debug|Any CPU
		{90953A11-0D5E-4D6D-B2F7-A88A2F845ECF}.Debug|Any CPU.Build.0 = Debug|Any CPU
		{90953A11-0D5E-4D6D-B2F7-A88A2F845ECF}.Release|Any CPU.ActiveCfg = Release|Any CPU
		{90953A11-0D5E-4D6D-B2F7-A88A2F845ECF}.Release|Any CPU.Build.0 = Release|Any CPU
	EndGlobalSection
	GlobalSection(SolutionProperties) = preSolution
		HideSolutionNode = FALSE
	EndGlobalSection
	GlobalSection(ExtensibilityGlobals) = postSolution
		SolutionGuid = {E31407B2-20E2-45EE-8009-C758500DC9DA}
	EndGlobalSection
EndGlobal
